
Microsoft Visual Studio Solution File, Format Version 12.00
# Visual Studio Version 17
VisualStudioVersion = 17.2.32630.192
MinimumVisualStudioVersion = 10.0.40219.1
Project("{9A19103F-16F7-4668-BE54-9A1E7A4F7556}") = "HoneyBee.Git.Gui", "HoneyBee.Git.Gui\HoneyBee.Git.Gui.csproj", "{C3EA67B4-5354-4AAD-A231-DC4886F3B4D4}"
EndProject
Project("{9A19103F-16F7-4668-BE54-9A1E7A4F7556}") = "StrangeIoc", "StrangeIoc\StrangeIoc.csproj", "{B5CC68D1-B1F3-4171-87AE-8ECE74424A8B}"
EndProject
Project("{9A19103F-16F7-4668-BE54-9A1E7A4F7556}") = "StandaloneFileBrowser", "StandaloneFileBrowser\StandaloneFileBrowser.csproj", "{5171EB26-F16F-4A74-8A3A-3268ED0990EE}"
EndProject
Project("{9A19103F-16F7-4668-BE54-9A1E7A4F7556}") = "HoneyBee.Git", "HoneyBee.Git\HoneyBee.Git.csproj", "{298C2BD4-4CD4-4498-93E2-03F9D81ADF69}"
EndProject
Global
	GlobalSection(SolutionConfigurationPlatforms) = preSolution
		Debug|Any CPU = Debug|Any CPU
		Debug|x64 = Debug|x64
		Release|Any CPU = Release|Any CPU
		Release|x64 = Release|x64
	EndGlobalSection
	GlobalSection(ProjectConfigurationPlatforms) = postSolution
		{C3EA67B4-5354-4AAD-A231-DC4886F3B4D4}.Debug|Any CPU.ActiveCfg = Debug|Any CPU
		{C3EA67B4-5354-4AAD-A231-DC4886F3B4D4}.Debug|Any CPU.Build.0 = Debug|Any CPU
		{C3EA67B4-5354-4AAD-A231-DC4886F3B4D4}.Debug|x64.ActiveCfg = Debug|x64
		{C3EA67B4-5354-4AAD-A231-DC4886F3B4D4}.Debug|x64.Build.0 = Debug|x64
		{C3EA67B4-5354-4AAD-A231-DC4886F3B4D4}.Release|Any CPU.ActiveCfg = Release|Any CPU
		{C3EA67B4-5354-4AAD-A231-DC4886F3B4D4}.Release|Any CPU.Build.0 = Release|Any CPU
		{C3EA67B4-5354-4AAD-A231-DC4886F3B4D4}.Release|x64.ActiveCfg = Release|x64
		{C3EA67B4-5354-4AAD-A231-DC4886F3B4D4}.Release|x64.Build.0 = Release|x64
		{B5CC68D1-B1F3-4171-87AE-8ECE74424A8B}.Debug|Any CPU.ActiveCfg = Debug|Any CPU
		{B5CC68D1-B1F3-4171-87AE-8ECE74424A8B}.Debug|Any CPU.Build.0 = Debug|Any CPU
		{B5CC68D1-B1F3-4171-87AE-8ECE74424A8B}.Debug|x64.ActiveCfg = Debug|x64
		{B5CC68D1-B1F3-4171-87AE-8ECE74424A8B}.Debug|x64.Build.0 = Debug|x64
		{B5CC68D1-B1F3-4171-87AE-8ECE74424A8B}.Release|Any CPU.ActiveCfg = Release|Any CPU
		{B5CC68D1-B1F3-4171-87AE-8ECE74424A8B}.Release|Any CPU.Build.0 = Release|Any CPU
		{B5CC68D1-B1F3-4171-87AE-8ECE74424A8B}.Release|x64.ActiveCfg = Release|x64
		{B5CC68D1-B1F3-4171-87AE-8ECE74424A8B}.Release|x64.Build.0 = Release|x64
		{5171EB26-F16F-4A74-8A3A-3268ED0990EE}.Debug|Any CPU.ActiveCfg = Debug|Any CPU
		{5171EB26-F16F-4A74-8A3A-3268ED0990EE}.Debug|Any CPU.Build.0 = Debug|Any CPU
		{5171EB26-F16F-4A74-8A3A-3268ED0990EE}.Debug|x64.ActiveCfg = Debug|Any CPU
		{5171EB26-F16F-4A74-8A3A-3268ED0990EE}.Debug|x64.Build.0 = Debug|Any CPU
		{5171EB26-F16F-4A74-8A3A-3268ED0990EE}.Release|Any CPU.ActiveCfg = Release|Any CPU
		{5171EB26-F16F-4A74-8A3A-3268ED0990EE}.Release|Any CPU.Build.0 = Release|Any CPU
		{5171EB26-F16F-4A74-8A3A-3268ED0990EE}.Release|x64.ActiveCfg = Release|x64
		{5171EB26-F16F-4A74-8A3A-3268ED0990EE}.Release|x64.Build.0 = Release|x64
		{298C2BD4-4CD4-4498-93E2-03F9D81ADF69}.Debug|Any CPU.ActiveCfg = Debug|Any CPU
		{298C2BD4-4CD4-4498-93E2-03F9D81ADF69}.Debug|Any CPU.Build.0 = Debug|Any CPU
		{298C2BD4-4CD4-4498-93E2-03F9D81ADF69}.Debug|x64.ActiveCfg = Debug|Any CPU
		{298C2BD4-4CD4-4498-93E2-03F9D81ADF69}.Debug|x64.Build.0 = Debug|Any CPU
		{298C2BD4-4CD4-4498-93E2-03F9D81ADF69}.Release|Any CPU.ActiveCfg = Release|Any CPU
		{298C2BD4-4CD4-4498-93E2-03F9D81ADF69}.Release|Any CPU.Build.0 = Release|Any CPU
		{298C2BD4-4CD4-4498-93E2-03F9D81ADF69}.Release|x64.ActiveCfg = Release|Any CPU
		{298C2BD4-4CD4-4498-93E2-03F9D81ADF69}.Release|x64.Build.0 = Release|Any CPU
	EndGlobalSection
	GlobalSection(SolutionProperties) = preSolution
		HideSolutionNode = FALSE
	EndGlobalSection
	GlobalSection(ExtensibilityGlobals) = postSolution
		SolutionGuid = {E46B2600-1AA1-4D52-A9BC-35B90521F31E}
	EndGlobalSection
EndGlobal
